
Microsoft Visual Studio Solution File, Format Version 12.00
# Visual Studio Version 16
VisualStudioVersion = 16.0.30907.101
MinimumVisualStudioVersion = 10.0.40219.1
Project("{E24C65DC-7377-472B-9ABA-BC803B73C61A}") = "fangchanzhongjie", "F:\房产中介网站的设计与实现\房产中介网站的设计与实现\fangchanzhongjie\", "{D621D019-52BF-42A6-98AC-2E8A91F2CFD1}"
	ProjectSection(WebsiteProperties) = preProject
		TargetFrameworkMoniker = ".NETFramework,Version%3Dv3.5"
		Debug.AspNetCompiler.VirtualPath = "/localhost_63595"
		Debug.AspNetCompiler.PhysicalPath = "F:\房产中介网站的设计与实现\房产中介网站的设计与实现\fangchanzhongjie\"
		Debug.AspNetCompiler.TargetPath = "PrecompiledWeb\localhost_63595\"
		Debug.AspNetCompiler.Updateable = "true"
		Debug.AspNetCompiler.ForceOverwrite = "true"
		Debug.AspNetCompiler.FixedNames = "false"
		Debug.AspNetCompiler.Debug = "True"
		Release.AspNetCompiler.VirtualPath = "/localhost_63595"
		Release.AspNetCompiler.PhysicalPath = "F:\房产中介网站的设计与实现\房产中介网站的设计与实现\fangchanzhongjie\"
		Release.AspNetCompiler.TargetPath = "PrecompiledWeb\localhost_63595\"
		Release.AspNetCompiler.Updateable = "true"
		Release.AspNetCompiler.ForceOverwrite = "true"
		Release.AspNetCompiler.FixedNames = "false"
		Release.AspNetCompiler.Debug = "False"
		VWDPort = "63595"
	EndProjectSection
EndProject
Global
	GlobalSection(SolutionConfigurationPlatforms) = preSolution
		Debug|Any CPU = Debug|Any CPU
	EndGlobalSection
	GlobalSection(ProjectConfigurationPlatforms) = postSolution
		{D621D019-52BF-42A6-98AC-2E8A91F2CFD1}.Debug|Any CPU.ActiveCfg = Debug|Any CPU
		{D621D019-52BF-42A6-98AC-2E8A91F2CFD1}.Debug|Any CPU.Build.0 = Debug|Any CPU
	EndGlobalSection
	GlobalSection(SolutionProperties) = preSolution
		HideSolutionNode = FALSE
	EndGlobalSection
	GlobalSection(ExtensibilityGlobals) = postSolution
		SolutionGuid = {A8AF34F1-8CF2-4F25-880F-A9BB97C82FF0}
	EndGlobalSection
EndGlobal
